# Reproduction dependency freeze. Actual executed runtime is recorded in environment.json.
annotated-doc==0.0.5
annotated-types==0.8.0
cffi==2.1.1
contourpy==1.3.3
cryptography==50.0.1
cycler==0.12.1
fonttools==4.64.0
hypothesis==6.167.1
iniconfig==2.3.0
kiwisolver==1.5.1
markdown-it-py==4.2.0
matplotlib==3.11.1
mdurl==0.1.2
numpy==2.5.2
packaging==26.3
pillow==12.3.0
pluggy==1.6.0
pycparser==3.0
pydantic==2.13.5
pydantic_core==2.46.5
Pygments==2.21.0
pyparsing==3.3.2
pytest==9.1.1
python-dateutil==2.9.0.post0
rfc8785==0.1.4
rich==15.0.0
shellingham==1.5.4
six==1.17.0
sortedcontainers==2.4.0
typer==0.27.2
typing-inspection==0.4.4
typing_extensions==4.16.0
